
Microsoft Visual Studio Solution File, Format Version 12.00
# Visual Studio 2013
VisualStudioVersion = 12.0.31101.0
MinimumVisualStudioVersion = 10.0.40219.1
Project("{FAE04EC0-301F-11D3-BF4B-00C04F79EFBC}") = "Photogram.Init", "Photogram.Init\Photogram.Init.csproj", "{E91A2066-A493-4460-B44D-75D280391668}"
EndProject
Project("{FAE04EC0-301F-11D3-BF4B-00C04F79EFBC}") = "Photogram.WebApp", "Photogram.WebApp\Photogram.WebApp.csproj", "{2FD905FD-0203-4B0A-B633-41D8BF1E9FE1}"
EndProject
Global
	GlobalSection(SolutionConfigurationPlatforms) = preSolution
		Debug|Any CPU = Debug|Any CPU
		Release|Any CPU = Release|Any CPU
	EndGlobalSection
	GlobalSection(ProjectConfigurationPlatforms) = postSolution
		{E91A2066-A493-4460-B44D-75D280391668}.Debug|Any CPU.ActiveCfg = Debug|Any CPU
		{E91A2066-A493-4460-B44D-75D280391668}.Debug|Any CPU.Build.0 = Debug|Any CPU
		{E91A2066-A493-4460-B44D-75D280391668}.Release|Any CPU.ActiveCfg = Release|Any CPU
		{E91A2066-A493-4460-B44D-75D280391668}.Release|Any CPU.Build.0 = Release|Any CPU
		{2FD905FD-0203-4B0A-B633-41D8BF1E9FE1}.Debug|Any CPU.ActiveCfg = Debug|Any CPU
		{2FD905FD-0203-4B0A-B633-41D8BF1E9FE1}.Debug|Any CPU.Build.0 = Debug|Any CPU
		{2FD905FD-0203-4B0A-B633-41D8BF1E9FE1}.Release|Any CPU.ActiveCfg = Release|Any CPU
		{2FD905FD-0203-4B0A-B633-41D8BF1E9FE1}.Release|Any CPU.Build.0 = Release|Any CPU
	EndGlobalSection
	GlobalSection(SolutionProperties) = preSolution
		HideSolutionNode = FALSE
	EndGlobalSection
EndGlobal
